Microsoft Visual Studio Solution File, Format Version 12.00
# Visual Studio Version 17
VisualStudioVersion = 17.0.32014.148
MinimumVisualStudioVersion = 10.0.40219.1
Project("{8BC9CEB8-8B4A-11D0-8D11-00A0C91BC942}") = "FileScanner", "FileScanner.vcxproj", "{A8E6B5A4-9E4A-4B7A-BD7A-3E4B5C6D7E8F}"
EndProject
Project("{8BC9CEB8-8B4A-11D0-8D11-00A0C91BC942}") = "TestApp", "TestApp.vcxproj", "{B9F7C6B5-A8B6-4C8B-BE9B-4F5C6D7E8F9A}"
EndProject
Global
	GlobalSection(SolutionConfigurationPlatforms) = preSolution
		Debug|x64 = Debug|x64
		Release|x64 = Release|x64
	EndGlobalSection
	GlobalSection(ProjectConfigurationPlatforms) = postSolution
		{A8E6B5A4-9E4A-4B7A-BD7A-3E4B5C6D7E8F}.Debug|x64.ActiveCfg = Debug|x64
		{A8E6B5A4-9E4A-4B7A-BD7A-3E4B5C6D7E8F}.Debug|x64.Build.0 = Debug|x64
		{A8E6B5A4-9E4A-4B7A-BD7A-3E4B5C6D7E8F}.Release|x64.ActiveCfg = Release|x64
		{A8E6B5A4-9E4A-4B7A-BD7A-3E4B5C6D7E8F}.Release|x64.Build.0 = Release|x64
		{B9F7C6B5-A8B6-4C8B-BE9B-4F5C6D7E8F9A}.Debug|x64.ActiveCfg = Debug|x64
		{B9F7C6B5-A8B6-4C8B-BE9B-4F5C6D7E8F9A}.Debug|x64.Build.0 = Debug|x64
		{B9F7C6B5-A8B6-4C8B-BE9B-4F5C6D7E8F9A}.Release|x64.ActiveCfg = Release|x64
		{B9F7C6B5-A8B6-4C8B-BE9B-4F5C6D7E8F9A}.Release|x64.Build.0 = Release|x64
	EndGlobalSection
	GlobalSection(SolutionProperties) = preSolution
		HideSolutionNode = FALSE
	EndGlobalSection
	GlobalSection(ExtensibilityGlobals) = postSolution
		SolutionGuid = {C0D8E7F8-A9B0-4D0C-BE1C-5E6F7A8B9C0D}
	EndGlobalSection
EndGlobal
